// !$*UTF8*$!
{
	archiveVersion = 1;
	classes = {
	};
	objectVersion = 77;
	objects = {

/* Begin PBXBuildFile section */
		1CF7E54C6975BF1DA502018B /* Galmuri11-Bold.ttf in Resources */ = {isa = PBXBuildFile; fileRef = 6F8251550A45AC9BF3E71CC9 /* Galmuri11-Bold.ttf */; };
		1D1C575B4AA0FCFB31440340 /* SettingsStore.swift in Sources */ = {isa = PBXBuildFile; fileRef = 05079EB6B880C9B4BBA8B0CB /* SettingsStore.swift */; };
		1FC9D1EC502C1A3DA26B2E34 /* DebugPanelView.swift in Sources */ = {isa = PBXBuildFile; fileRef = AC7ED78E6E8A7817A20C76C3 /* DebugPanelView.swift */; };
		39CAD8DB9D33357A22CC28E8 /* GameRootView.swift in Sources */ = {isa = PBXBuildFile; fileRef = AE757A09CF55BD63797C874A /* GameRootView.swift */; };
		4B8761452B4DDE266C9FF4BC /* GameWindowController.swift in Sources */ = {isa = PBXBuildFile; fileRef = CA6D6D7C5CF987F6AF1732C8 /* GameWindowController.swift */; };
		508558D744013D62364C7C70 /* Galmuri11.ttf in Resources */ = {isa = PBXBuildFile; fileRef = 0CA4CFB9147887CFA0E1C390 /* Galmuri11.ttf */; };
		51EDA887FE66AA86E7058647 /* SettingsView.swift in Sources */ = {isa = PBXBuildFile; fileRef = E0E445134237B1DF04E55A8E /* SettingsView.swift */; };
		544F4123BF183B2795E58C4D /* GameViewRepresentable.swift in Sources */ = {isa = PBXBuildFile; fileRef = BEC5D1A577214827BD5C305E /* GameViewRepresentable.swift */; };
		67534E964234E8B987898BF8 /* GameScene.swift in Sources */ = {isa = PBXBuildFile; fileRef = A8A3DCD96B82AE78426A2AEC /* GameScene.swift */; };
		6FF7D6AAAD00826CF45ACADD /* GameData.swift in Sources */ = {isa = PBXBuildFile; fileRef = 20A72AC97A0EF4BFFCFE53F3 /* GameData.swift */; };
		7CA79B1625117AE45D709B5B /* DebugLogger.swift in Sources */ = {isa = PBXBuildFile; fileRef = A663BEA256FA7E8D109A2D14 /* DebugLogger.swift */; };
		96143FFB32EC793C7DDC79A3 /* GameModels.swift in Sources */ = {isa = PBXBuildFile; fileRef = 92F4EFEF27A51A3CB7DB3D90 /* GameModels.swift */; };
		9FC360FBC422A8DAF27F9A4C /* WordvilleApp.swift in Sources */ = {isa = PBXBuildFile; fileRef = 19078E143C4C812EF143F465 /* WordvilleApp.swift */; };
		AB04AADA664BD1734C274984 /* GameViewController.swift in Sources */ = {isa = PBXBuildFile; fileRef = 9718D5F145698B89DA17CD3F /* GameViewController.swift */; };
		D36BD5BCD1309B6E1A585F13 /* PopoverRootView.swift in Sources */ = {isa = PBXBuildFile; fileRef = 9A8C159059158364B501DA29 /* PopoverRootView.swift */; };
		E8EF71F73FF446A3CD7F7EFE /* NeoDunggeunmo.ttf in Resources */ = {isa = PBXBuildFile; fileRef = 3069BB3D96BB75B6EBAAE925 /* NeoDunggeunmo.ttf */; };
		F5971039CE02D853DEC09FED /* MenuBarController.swift in Sources */ = {isa = PBXBuildFile; fileRef = 06DB76976F6CDE84193415CE /* MenuBarController.swift */; };
		FEF48598139C6939CF50A054 /* APIClient.swift in Sources */ = {isa = PBXBuildFile; fileRef = 4A09B2546E8E5A1E56DF6ECC /* APIClient.swift */; };
/* End PBXBuildFile section */

/* Begin PBXFileReference section */
		05079EB6B880C9B4BBA8B0CB /* SettingsStore.swift */ = {isa = PBXFileReference; lastKnownFileType = sourcecode.swift; path = SettingsStore.swift; sourceTree = "<group>"; };
		06DB76976F6CDE84193415CE /* MenuBarController.swift */ = {isa = PBXFileReference; lastKnownFileType = sourcecode.swift; path = MenuBarController.swift; sourceTree = "<group>"; };
		0CA4CFB9147887CFA0E1C390 /* Galmuri11.ttf */ = {isa = PBXFileReference; lastKnownFileType = file; path = Galmuri11.ttf; sourceTree = "<group>"; };
		19078E143C4C812EF143F465 /* WordvilleApp.swift */ = {isa = PBXFileReference; lastKnownFileType = sourcecode.swift; path = WordvilleApp.swift; sourceTree = "<group>"; };
		20A72AC97A0EF4BFFCFE53F3 /* GameData.swift */ = {isa = PBXFileReference; lastKnownFileType = sourcecode.swift; path = GameData.swift; sourceTree = "<group>"; };
		3069BB3D96BB75B6EBAAE925 /* NeoDunggeunmo.ttf */ = {isa = PBXFileReference; lastKnownFileType = file; path = NeoDunggeunmo.ttf; sourceTree = "<group>"; };
		4A09B2546E8E5A1E56DF6ECC /* APIClient.swift */ = {isa = PBXFileReference; lastKnownFileType = sourcecode.swift; path = APIClient.swift; sourceTree = "<group>"; };
		6F8251550A45AC9BF3E71CC9 /* Galmuri11-Bold.ttf */ = {isa = PBXFileReference; lastKnownFileType = file; path = "Galmuri11-Bold.ttf"; sourceTree = "<group>"; };
		7272C377AA8F2AC054907B9E /* Wordville.app */ = {isa = PBXFileReference; explicitFileType = wrapper.application; includeInIndex = 0; path = Wordville.app; sourceTree = BUILT_PRODUCTS_DIR; };
		92F4EFEF27A51A3CB7DB3D90 /* GameModels.swift */ = {isa = PBXFileReference; lastKnownFileType = sourcecode.swift; path = GameModels.swift; sourceTree = "<group>"; };
		9718D5F145698B89DA17CD3F /* GameViewController.swift */ = {isa = PBXFileReference; lastKnownFileType = sourcecode.swift; path = GameViewController.swift; sourceTree = "<group>"; };
		9A8C159059158364B501DA29 /* PopoverRootView.swift */ = {isa = PBXFileReference; lastKnownFileType = sourcecode.swift; path = PopoverRootView.swift; sourceTree = "<group>"; };
		A663BEA256FA7E8D109A2D14 /* DebugLogger.swift */ = {isa = PBXFileReference; lastKnownFileType = sourcecode.swift; path = DebugLogger.swift; sourceTree = "<group>"; };
		A8A3DCD96B82AE78426A2AEC /* GameScene.swift */ = {isa = PBXFileReference; lastKnownFileType = sourcecode.swift; path = GameScene.swift; sourceTree = "<group>"; };
		AC7ED78E6E8A7817A20C76C3 /* DebugPanelView.swift */ = {isa = PBXFileReference; lastKnownFileType = sourcecode.swift; path = DebugPanelView.swift; sourceTree = "<group>"; };
		AE757A09CF55BD63797C874A /* GameRootView.swift */ = {isa = PBXFileReference; lastKnownFileType = sourcecode.swift; path = GameRootView.swift; sourceTree = "<group>"; };
		BEC5D1A577214827BD5C305E /* GameViewRepresentable.swift */ = {isa = PBXFileReference; lastKnownFileType = sourcecode.swift; path = GameViewRepresentable.swift; sourceTree = "<group>"; };
		CA6D6D7C5CF987F6AF1732C8 /* GameWindowController.swift */ = {isa = PBXFileReference; lastKnownFileType = sourcecode.swift; path = GameWindowController.swift; sourceTree = "<group>"; };
		E0E445134237B1DF04E55A8E /* SettingsView.swift */ = {isa = PBXFileReference; lastKnownFileType = sourcecode.swift; path = SettingsView.swift; sourceTree = "<group>"; };
/* End PBXFileReference section */

/* Begin PBXGroup section */
		31183830F2F6E7D3F1C9882C /* Views */ = {
			isa = PBXGroup;
			children = (
				AE757A09CF55BD63797C874A /* GameRootView.swift */,
				9A8C159059158364B501DA29 /* PopoverRootView.swift */,
				E0E445134237B1DF04E55A8E /* SettingsView.swift */,
			);
			path = Views;
			sourceTree = "<group>";
		};
		59ED3F6FC3F7D6A16583332C /* Debug */ = {
			isa = PBXGroup;
			children = (
				A663BEA256FA7E8D109A2D14 /* DebugLogger.swift */,
				AC7ED78E6E8A7817A20C76C3 /* DebugPanelView.swift */,
			);
			path = Debug;
			sourceTree = "<group>";
		};
		648494F5C36B8B7775DDDD67 /* Sources */ = {
			isa = PBXGroup;
			children = (
				F5B90D70B1CE1E273BDEEBFF /* App */,
				59ED3F6FC3F7D6A16583332C /* Debug */,
				ABC230E044BE3F9428013C2D /* Game */,
				31183830F2F6E7D3F1C9882C /* Views */,
			);
			path = Sources;
			sourceTree = "<group>";
		};
		7E7E85886119C3C203C95C1B /* Fonts */ = {
			isa = PBXGroup;
			children = (
				6F8251550A45AC9BF3E71CC9 /* Galmuri11-Bold.ttf */,
				0CA4CFB9147887CFA0E1C390 /* Galmuri11.ttf */,
				3069BB3D96BB75B6EBAAE925 /* NeoDunggeunmo.ttf */,
			);
			path = Fonts;
			sourceTree = "<group>";
		};
		92BDA703A96C1F4AFEE6B194 = {
			isa = PBXGroup;
			children = (
				B51A34002D53FFFA81965A4A /* Resources */,
				648494F5C36B8B7775DDDD67 /* Sources */,
				EB9EBDE750C37B4A841497C2 /* Products */,
			);
			sourceTree = "<group>";
		};
		ABC230E044BE3F9428013C2D /* Game */ = {
			isa = PBXGroup;
			children = (
				4A09B2546E8E5A1E56DF6ECC /* APIClient.swift */,
				20A72AC97A0EF4BFFCFE53F3 /* GameData.swift */,
				92F4EFEF27A51A3CB7DB3D90 /* GameModels.swift */,
				A8A3DCD96B82AE78426A2AEC /* GameScene.swift */,
				9718D5F145698B89DA17CD3F /* GameViewController.swift */,
				BEC5D1A577214827BD5C305E /* GameViewRepresentable.swift */,
			);
			path = Game;
			sourceTree = "<group>";
		};
		B51A34002D53FFFA81965A4A /* Resources */ = {
			isa = PBXGroup;
			children = (
				7E7E85886119C3C203C95C1B /* Fonts */,
			);
			path = Resources;
			sourceTree = "<group>";
		};
		EB9EBDE750C37B4A841497C2 /* Products */ = {
			isa = PBXGroup;
			children = (
				7272C377AA8F2AC054907B9E /* Wordville.app */,
			);
			name = Products;
			sourceTree = "<group>";
		};
		F5B90D70B1CE1E273BDEEBFF /* App */ = {
			isa = PBXGroup;
			children = (
				CA6D6D7C5CF987F6AF1732C8 /* GameWindowController.swift */,
				06DB76976F6CDE84193415CE /* MenuBarController.swift */,
				05079EB6B880C9B4BBA8B0CB /* SettingsStore.swift */,
				19078E143C4C812EF143F465 /* WordvilleApp.swift */,
			);
			path = App;
			sourceTree = "<group>";
		};
/* End PBXGroup section */

/* Begin PBXNativeTarget section */
		E912890BEF78FBEC59C727E5 /* Wordville */ = {
			isa = PBXNativeTarget;
			buildConfigurationList = 918DDC03AC5CCABB236FEC30 /* Build configuration list for PBXNativeTarget "Wordville" */;
			buildPhases = (
				B319E89A0E1F06C36FE1CA13 /* Sources */,
				5075B33FE139751930F445A5 /* Resources */,
			);
			buildRules = (
			);
			dependencies = (
			);
			name = Wordville;
			packageProductDependencies = (
			);
			productName = Wordville;
			productReference = 7272C377AA8F2AC054907B9E /* Wordville.app */;
			productType = "com.apple.product-type.application";
		};
/* End PBXNativeTarget section */

/* Begin PBXProject section */
		9D78282A3D34983CA1B5DBD5 /* Project object */ = {
			isa = PBXProject;
			attributes = {
				BuildIndependentTargetsInParallel = YES;
				LastUpgradeCheck = 2600;
				TargetAttributes = {
				};
			};
			buildConfigurationList = B0445930D89A4D53E1CBDABF /* Build configuration list for PBXProject "Wordville" */;
			developmentRegion = en;
			hasScannedForEncodings = 0;
			knownRegions = (
				Base,
				en,
			);
			mainGroup = 92BDA703A96C1F4AFEE6B194;
			minimizedProjectReferenceProxies = 1;
			preferredProjectObjectVersion = 77;
			productRefGroup = EB9EBDE750C37B4A841497C2 /* Products */;
			projectDirPath = "";
			projectRoot = "";
			targets = (
				E912890BEF78FBEC59C727E5 /* Wordville */,
			);
		};
/* End PBXProject section */

/* Begin PBXResourcesBuildPhase section */
		5075B33FE139751930F445A5 /* Resources */ = {
			isa = PBXResourcesBuildPhase;
			buildActionMask = 2147483647;
			files = (
				1CF7E54C6975BF1DA502018B /* Galmuri11-Bold.ttf in Resources */,
				508558D744013D62364C7C70 /* Galmuri11.ttf in Resources */,
				E8EF71F73FF446A3CD7F7EFE /* NeoDunggeunmo.ttf in Resources */,
			);
			runOnlyForDeploymentPostprocessing = 0;
		};
/* End PBXResourcesBuildPhase section */

/* Begin PBXSourcesBuildPhase section */
		B319E89A0E1F06C36FE1CA13 /* Sources */ = {
			isa = PBXSourcesBuildPhase;
			buildActionMask = 2147483647;
			files = (
				FEF48598139C6939CF50A054 /* APIClient.swift in Sources */,
				7CA79B1625117AE45D709B5B /* DebugLogger.swift in Sources */,
				1FC9D1EC502C1A3DA26B2E34 /* DebugPanelView.swift in Sources */,
				6FF7D6AAAD00826CF45ACADD /* GameData.swift in Sources */,
				96143FFB32EC793C7DDC79A3 /* GameModels.swift in Sources */,
				39CAD8DB9D33357A22CC28E8 /* GameRootView.swift in Sources */,
				67534E964234E8B987898BF8 /* GameScene.swift in Sources */,
				AB04AADA664BD1734C274984 /* GameViewController.swift in Sources */,
				544F4123BF183B2795E58C4D /* GameViewRepresentable.swift in Sources */,
				4B8761452B4DDE266C9FF4BC /* GameWindowController.swift in Sources */,
				F5971039CE02D853DEC09FED /* MenuBarController.swift in Sources */,
				D36BD5BCD1309B6E1A585F13 /* PopoverRootView.swift in Sources */,
				1D1C575B4AA0FCFB31440340 /* SettingsStore.swift in Sources */,
				51EDA887FE66AA86E7058647 /* SettingsView.swift in Sources */,
				9FC360FBC422A8DAF27F9A4C /* WordvilleApp.swift in Sources */,
			);
			runOnlyForDeploymentPostprocessing = 0;
		};
/* End PBXSourcesBuildPhase section */

/* Begin XCBuildConfiguration section */
		323F563126EFEFAF6DC6C0EA /* Release */ = {
			isa = XCBuildConfiguration;
			buildSettings = {
				ASSETCATALOG_COMPILER_APPICON_NAME = AppIcon;
				COMBINE_HIDPI_IMAGES = YES;
				ENABLE_HARDENED_RUNTIME = NO;
				GENERATE_INFOPLIST_FILE = YES;
				INFOPLIST_KEY_LSApplicationCategoryType = "public.app-category.education";
				LD_RUNPATH_SEARCH_PATHS = (
					"$(inherited)",
					"@executable_path/../Frameworks",
				);
				PRODUCT_BUNDLE_IDENTIFIER = com.borasarang.wordville;
				PRODUCT_NAME = Wordville;
				SDKROOT = macosx;
				SWIFT_STRICT_CONCURRENCY = minimal;
			};
			name = Release;
		};
		5602FF4CC63ADF99630F949B /* Debug */ = {
			isa = XCBuildConfiguration;
			buildSettings = {
				ASSETCATALOG_COMPILER_APPICON_NAME = AppIcon;
				COMBINE_HIDPI_IMAGES = YES;
				ENABLE_HARDENED_RUNTIME = NO;
				GENERATE_INFOPLIST_FILE = YES;
				INFOPLIST_KEY_LSApplicationCategoryType = "public.app-category.education";
				LD_RUNPATH_SEARCH_PATHS = (
					"$(inherited)",
					"@executable_path/../Frameworks",
				);
				PRODUCT_BUNDLE_IDENTIFIER = com.borasarang.wordville;
				PRODUCT_NAME = Wordville;
				SDKROOT = macosx;
				SWIFT_STRICT_CONCURRENCY = minimal;
			};
			name = Debug;
		};
		A7F03588EAF01EA3117D06CB /* Release */ = {
			isa = XCBuildConfiguration;
			buildSettings = {
				ALWAYS_SEARCH_USER_PATHS = NO;
				CLANG_ANALYZER_NONNULL = YES;
				CLANG_ANALYZER_NUMBER_OBJECT_CONVERSION = YES_AGGRESSIVE;
				CLANG_CXX_LANGUAGE_STANDARD = "gnu++14";
				CLANG_CXX_LIBRARY = "libc++";
				CLANG_ENABLE_MODULES = YES;
				CLANG_ENABLE_OBJC_ARC = YES;
				CLANG_ENABLE_OBJC_WEAK = YES;
				CLANG_WARN_BLOCK_CAPTURE_AUTORELEASING = YES;
				CLANG_WARN_BOOL_CONVERSION = YES;
				CLANG_WARN_COMMA = YES;
				CLANG_WARN_CONSTANT_CONVERSION = YES;
				CLANG_WARN_DEPRECATED_OBJC_IMPLEMENTATIONS = YES;
				CLANG_WARN_DIRECT_OBJC_ISA_USAGE = YES_ERROR;
				CLANG_WARN_DOCUMENTATION_COMMENTS = YES;
				CLANG_WARN_EMPTY_BODY = YES;
				CLANG_WARN_ENUM_CONVERSION = YES;
				CLANG_WARN_INFINITE_RECURSION = YES;
				CLANG_WARN_INT_CONVERSION = YES;
				CLANG_WARN_NON_LITERAL_NULL_CONVERSION = YES;
				CLANG_WARN_OBJC_IMPLICIT_RETAIN_SELF = YES;
				CLANG_WARN_OBJC_LITERAL_CONVERSION = YES;
				CLANG_WARN_OBJC_ROOT_CLASS = YES_ERROR;
				CLANG_WARN_QUOTED_INCLUDE_IN_FRAMEWORK_HEADER = YES;
				CLANG_WARN_RANGE_LOOP_ANALYSIS = YES;
				CLANG_WARN_STRICT_PROTOTYPES = YES;
				CLANG_WARN_SUSPICIOUS_MOVE = YES;
				CLANG_WARN_UNGUARDED_AVAILABILITY = YES_AGGRESSIVE;
				CLANG_WARN_UNREACHABLE_CODE = YES;
				CLANG_WARN__DUPLICATE_METHOD_MATCH = YES;
				CODE_SIGNING_ALLOWED = NO;
				CODE_SIGNING_REQUIRED = NO;
				CODE_SIGN_IDENTITY = "-";
				COPY_PHASE_STRIP = NO;
				DEBUG_INFORMATION_FORMAT = "dwarf-with-dsym";
				ENABLE_NS_ASSERTIONS = NO;
				ENABLE_STRICT_OBJC_MSGSEND = YES;
				GCC_C_LANGUAGE_STANDARD = gnu11;
				GCC_NO_COMMON_BLOCKS = YES;
				GCC_WARN_64_TO_32_BIT_CONVERSION = YES;
				GCC_WARN_ABOUT_RETURN_TYPE = YES_ERROR;
				GCC_WARN_UNDECLARED_SELECTOR = YES;
				GCC_WARN_UNINITIALIZED_AUTOS = YES_AGGRESSIVE;
				GCC_WARN_UNUSED_FUNCTION = YES;
				GCC_WARN_UNUSED_VARIABLE = YES;
				MACOSX_DEPLOYMENT_TARGET = 14.0;
				MTL_ENABLE_DEBUG_INFO = NO;
				MTL_FAST_MATH = YES;
				PRODUCT_NAME = "$(TARGET_NAME)";
				SDKROOT = macosx;
				SWIFT_COMPILATION_MODE = wholemodule;
				SWIFT_OPTIMIZATION_LEVEL = "-O";
				SWIFT_STRICT_CONCURRENCY = minimal;
				SWIFT_VERSION = 5.0;
			};
			name = Release;
		};
		DB1FA1B5860C4C5785662ABA /* Debug */ = {
			isa = XCBuildConfiguration;
			buildSettings = {
				ALWAYS_SEARCH_USER_PATHS = NO;
				CLANG_ANALYZER_NONNULL = YES;
				CLANG_ANALYZER_NUMBER_OBJECT_CONVERSION = YES_AGGRESSIVE;
				CLANG_CXX_LANGUAGE_STANDARD = "gnu++14";
				CLANG_CXX_LIBRARY = "libc++";
				CLANG_ENABLE_MODULES = YES;
				CLANG_ENABLE_OBJC_ARC = YES;
				CLANG_ENABLE_OBJC_WEAK = YES;
				CLANG_WARN_BLOCK_CAPTURE_AUTORELEASING = YES;
				CLANG_WARN_BOOL_CONVERSION = YES;
				CLANG_WARN_COMMA = YES;
				CLANG_WARN_CONSTANT_CONVERSION = YES;
				CLANG_WARN_DEPRECATED_OBJC_IMPLEMENTATIONS = YES;
				CLANG_WARN_DIRECT_OBJC_ISA_USAGE = YES_ERROR;
				CLANG_WARN_DOCUMENTATION_COMMENTS = YES;
				CLANG_WARN_EMPTY_BODY = YES;
				CLANG_WARN_ENUM_CONVERSION = YES;
				CLANG_WARN_INFINITE_RECURSION = YES;
				CLANG_WARN_INT_CONVERSION = YES;
				CLANG_WARN_NON_LITERAL_NULL_CONVERSION = YES;
				CLANG_WARN_OBJC_IMPLICIT_RETAIN_SELF = YES;
				CLANG_WARN_OBJC_LITERAL_CONVERSION = YES;
				CLANG_WARN_OBJC_ROOT_CLASS = YES_ERROR;
				CLANG_WARN_QUOTED_INCLUDE_IN_FRAMEWORK_HEADER = YES;
				CLANG_WARN_RANGE_LOOP_ANALYSIS = YES;
				CLANG_WARN_STRICT_PROTOTYPES = YES;
				CLANG_WARN_SUSPICIOUS_MOVE = YES;
				CLANG_WARN_UNGUARDED_AVAILABILITY = YES_AGGRESSIVE;
				CLANG_WARN_UNREACHABLE_CODE = YES;
				CLANG_WARN__DUPLICATE_METHOD_MATCH = YES;
				CODE_SIGNING_ALLOWED = NO;
				CODE_SIGNING_REQUIRED = NO;
				CODE_SIGN_IDENTITY = "-";
				COPY_PHASE_STRIP = NO;
				DEBUG_INFORMATION_FORMAT = dwarf;
				ENABLE_STRICT_OBJC_MSGSEND = YES;
				ENABLE_TESTABILITY = YES;
				GCC_C_LANGUAGE_STANDARD = gnu11;
				GCC_DYNAMIC_NO_PIC = NO;
				GCC_NO_COMMON_BLOCKS = YES;
				GCC_OPTIMIZATION_LEVEL = 0;
				GCC_PREPROCESSOR_DEFINITIONS = (
					"$(inherited)",
					"DEBUG=1",
				);
				GCC_WARN_64_TO_32_BIT_CONVERSION = YES;
				GCC_WARN_ABOUT_RETURN_TYPE = YES_ERROR;
				GCC_WARN_UNDECLARED_SELECTOR = YES;
				GCC_WARN_UNINITIALIZED_AUTOS = YES_AGGRESSIVE;
				GCC_WARN_UNUSED_FUNCTION = YES;
				GCC_WARN_UNUSED_VARIABLE = YES;
				MACOSX_DEPLOYMENT_TARGET = 14.0;
				MTL_ENABLE_DEBUG_INFO = INCLUDE_SOURCE;
				MTL_FAST_MATH = YES;
				ONLY_ACTIVE_ARCH = YES;
				PRODUCT_NAME = "$(TARGET_NAME)";
				SDKROOT = macosx;
				SWIFT_ACTIVE_COMPILATION_CONDITIONS = DEBUG;
				SWIFT_OPTIMIZATION_LEVEL = "-Onone";
				SWIFT_STRICT_CONCURRENCY = minimal;
				SWIFT_VERSION = 5.0;
			};
			name = Debug;
		};
/* End XCBuildConfiguration section */

/* Begin XCConfigurationList section */
		918DDC03AC5CCABB236FEC30 /* Build configuration list for PBXNativeTarget "Wordville" */ = {
			isa = XCConfigurationList;
			buildConfigurations = (
				5602FF4CC63ADF99630F949B /* Debug */,
				323F563126EFEFAF6DC6C0EA /* Release */,
			);
			defaultConfigurationIsVisible = 0;
			defaultConfigurationName = Debug;
		};
		B0445930D89A4D53E1CBDABF /* Build configuration list for PBXProject "Wordville" */ = {
			isa = XCConfigurationList;
			buildConfigurations = (
				DB1FA1B5860C4C5785662ABA /* Debug */,
				A7F03588EAF01EA3117D06CB /* Release */,
			);
			defaultConfigurationIsVisible = 0;
			defaultConfigurationName = Debug;
		};
/* End XCConfigurationList section */
	};
	rootObject = 9D78282A3D34983CA1B5DBD5 /* Project object */;
}
